
Microsoft Visual Studio Solution File, Format Version 12.00
# Visual Studio Version 17
VisualStudioVersion = 17.6.33815.320
MinimumVisualStudioVersion = 10.0.40219.1
Project("{8BC9CEB8-8B4A-11D0-8D11-00A0C91BC942}") = "3.8-1", "3.8-1.vcxproj", "{8D07C277-C486-4850-8CC4-93C5643934C1}"
EndProject
Global
	GlobalSection(SolutionConfigurationPlatforms) = preSolution
		Debug|x64 = Debug|x64
		Debug|x86 = Debug|x86
		Release|x64 = Release|x64
		Release|x86 = Release|x86
	EndGlobalSection
	GlobalSection(ProjectConfigurationPlatforms) = postSolution
		{8D07C277-C486-4850-8CC4-93C5643934C1}.Debug|x64.ActiveCfg = Debug|x64
		{8D07C277-C486-4850-8CC4-93C5643934C1}.Debug|x64.Build.0 = Debug|x64
		{8D07C277-C486-4850-8CC4-93C5643934C1}.Debug|x86.ActiveCfg = Debug|Win32
		{8D07C277-C486-4850-8CC4-93C5643934C1}.Debug|x86.Build.0 = Debug|Win32
		{8D07C277-C486-4850-8CC4-93C5643934C1}.Release|x64.ActiveCfg = Release|x64
		{8D07C277-C486-4850-8CC4-93C5643934C1}.Release|x64.Build.0 = Release|x64
		{8D07C277-C486-4850-8CC4-93C5643934C1}.Release|x86.ActiveCfg = Release|Win32
		{8D07C277-C486-4850-8CC4-93C5643934C1}.Release|x86.Build.0 = Release|Win32
	EndGlobalSection
	GlobalSection(SolutionProperties) = preSolution
		HideSolutionNode = FALSE
	EndGlobalSection
	GlobalSection(ExtensibilityGlobals) = postSolution
		SolutionGuid = {D9E11126-E43B-4A3D-8910-F3F98C93805B}
	EndGlobalSection
EndGlobal
